# This file was autogenerated by Stack.
# You should not edit this file by hand.
# For more information, please see the documentation at:
#   https://docs.haskellstack.org/en/stable/lock_files

packages:
- completed:
    hackage: simple-logger-0.1.1@sha256:a21912c52a702b4e3f2376f61e5bde61cb4504debe5269dd9f9dc762097ffdbd,1098
    pantry-tree:
      sha256: 2c5f5491d5269854fdaeeb8c139abd318507ab9b0ba95730781b880adb6864c9
      size: 376
  original:
    hackage: simple-logger-0.1.1
snapshots:
- completed:
    sha256: 32716534fff554b7f90762130fdb985cabf29f157758934dd1c8f3892a646430
    size: 586103
    url: https://raw.githubusercontent.com/commercialhaskell/stackage-snapshots/master/lts/18/19.yaml
  original: lts-18.19
